
Microsoft Visual Studio Solution File, Format Version 12.00
# Visual Studio Version 16
VisualStudioVersion = 16.0.31702.278
MinimumVisualStudioVersion = 10.0.40219.1
Project("{2150E333-8FDC-42A3-9474-1A3956D46DE8}") = "1-Presentantion", "1-Presentantion", "{B380A8CA-E31A-4DA7-92F8-7152D674F8C5}"
EndProject
Project("{2150E333-8FDC-42A3-9474-1A3956D46DE8}") = "2-Model", "2-Model", "{1C3C93E6-6D06-43F0-8637-E0368D17B644}"
EndProject
Project("{FAE04EC0-301F-11D3-BF4B-00C04F79EFBC}") = "Calc.WinUI", "Calc.WinUI\Calc.WinUI.csproj", "{B37C35CF-8833-4E65-810B-509E76600858}"
EndProject
Project("{FAE04EC0-301F-11D3-BF4B-00C04F79EFBC}") = "Calc.Lib", "Calc.Lib\Calc.Lib.csproj", "{8217800B-FE0C-494B-AA21-48C66144A3F3}"
EndProject
Global
	GlobalSection(SolutionConfigurationPlatforms) = preSolution
		Debug|Any CPU = Debug|Any CPU
		Release|Any CPU = Release|Any CPU
	EndGlobalSection
	GlobalSection(ProjectConfigurationPlatforms) = postSolution
		{B37C35CF-8833-4E65-810B-509E76600858}.Debug|Any CPU.ActiveCfg = Debug|Any CPU
		{B37C35CF-8833-4E65-810B-509E76600858}.Debug|Any CPU.Build.0 = Debug|Any CPU
		{B37C35CF-8833-4E65-810B-509E76600858}.Release|Any CPU.ActiveCfg = Release|Any CPU
		{B37C35CF-8833-4E65-810B-509E76600858}.Release|Any CPU.Build.0 = Release|Any CPU
		{8217800B-FE0C-494B-AA21-48C66144A3F3}.Debug|Any CPU.ActiveCfg = Debug|Any CPU
		{8217800B-FE0C-494B-AA21-48C66144A3F3}.Debug|Any CPU.Build.0 = Debug|Any CPU
		{8217800B-FE0C-494B-AA21-48C66144A3F3}.Release|Any CPU.ActiveCfg = Release|Any CPU
		{8217800B-FE0C-494B-AA21-48C66144A3F3}.Release|Any CPU.Build.0 = Release|Any CPU
	EndGlobalSection
	GlobalSection(SolutionProperties) = preSolution
		HideSolutionNode = FALSE
	EndGlobalSection
	GlobalSection(NestedProjects) = preSolution
		{B37C35CF-8833-4E65-810B-509E76600858} = {B380A8CA-E31A-4DA7-92F8-7152D674F8C5}
		{8217800B-FE0C-494B-AA21-48C66144A3F3} = {1C3C93E6-6D06-43F0-8637-E0368D17B644}
	EndGlobalSection
	GlobalSection(ExtensibilityGlobals) = postSolution
		SolutionGuid = {D2852AB5-FC2F-423D-AAC8-AB7ED9078ED5}
	EndGlobalSection
EndGlobal
