
Microsoft Visual Studio Solution File, Format Version 12.00
# Visual Studio Version 16
VisualStudioVersion = 16.0.31702.278
MinimumVisualStudioVersion = 10.0.40219.1
Project("{FAE04EC0-301F-11D3-BF4B-00C04F79EFBC}") = "Salario.Teste", "Salario.Teste\Salario.Teste.csproj", "{52088BB9-A32B-4D7E-B828-6557E4770AC1}"
EndProject
Project("{9A19103F-16F7-4668-BE54-9A1E7A4F7556}") = "Salario.Lib", "Salario.Lib\Salario.Lib.csproj", "{3B9E392D-6713-4697-885F-A9C90653221B}"
EndProject
Global
	GlobalSection(SolutionConfigurationPlatforms) = preSolution
		Debug|Any CPU = Debug|Any CPU
		Release|Any CPU = Release|Any CPU
	EndGlobalSection
	GlobalSection(ProjectConfigurationPlatforms) = postSolution
		{52088BB9-A32B-4D7E-B828-6557E4770AC1}.Debug|Any CPU.ActiveCfg = Debug|Any CPU
		{52088BB9-A32B-4D7E-B828-6557E4770AC1}.Debug|Any CPU.Build.0 = Debug|Any CPU
		{52088BB9-A32B-4D7E-B828-6557E4770AC1}.Release|Any CPU.ActiveCfg = Release|Any CPU
		{52088BB9-A32B-4D7E-B828-6557E4770AC1}.Release|Any CPU.Build.0 = Release|Any CPU
		{3B9E392D-6713-4697-885F-A9C90653221B}.Debug|Any CPU.ActiveCfg = Debug|Any CPU
		{3B9E392D-6713-4697-885F-A9C90653221B}.Debug|Any CPU.Build.0 = Debug|Any CPU
		{3B9E392D-6713-4697-885F-A9C90653221B}.Release|Any CPU.ActiveCfg = Release|Any CPU
		{3B9E392D-6713-4697-885F-A9C90653221B}.Release|Any CPU.Build.0 = Release|Any CPU
	EndGlobalSection
	GlobalSection(SolutionProperties) = preSolution
		HideSolutionNode = FALSE
	EndGlobalSection
	GlobalSection(ExtensibilityGlobals) = postSolution
		SolutionGuid = {D1F31BDB-FF6B-4B4E-943F-C8FB0C924F76}
	EndGlobalSection
EndGlobal
